
Microsoft Visual Studio Solution File, Format Version 12.00
# Visual Studio Version 17
VisualStudioVersion = 17.0.31903.59
MinimumVisualStudioVersion = 10.0.40219.1
Project("{2150E333-8FDC-42A3-9474-1A3956D46DE8}") = "src", "src", "{827E0CD3-B72D-47B6-A68D-7590B98EB39B}"
EndProject
Project("{FAE04EC0-301F-11D3-BF4B-00C04F79EFBC}") = "Trading.Domain", "src\Trading.Domain\Trading.Domain.csproj", "{D2EC87B3-0126-429B-BF8A-3DC46CAFEB35}"
EndProject
Project("{FAE04EC0-301F-11D3-BF4B-00C04F79EFBC}") = "Trading.Application", "src\Trading.Application\Trading.Application.csproj", "{5B0AF474-7CCC-4910-9660-D7FCDD5A3E51}"
EndProject
Project("{FAE04EC0-301F-11D3-BF4B-00C04F79EFBC}") = "Trading.Infrastructure", "src\Trading.Infrastructure\Trading.Infrastructure.csproj", "{24741E80-9F39-4FC8-B8D3-BF024D1C5663}"
EndProject
Project("{FAE04EC0-301F-11D3-BF4B-00C04F79EFBC}") = "Trading.Api", "src\Trading.Api\Trading.Api.csproj", "{4A3F8B88-2F4D-45EB-BF96-1A5C81AAB4D6}"
EndProject
Project("{FAE04EC0-301F-11D3-BF4B-00C04F79EFBC}") = "Trading.Console", "src\Trading.Console\Trading.Console.csproj", "{62CF5C83-C212-4D3E-B8F1-531A92C68BEB}"
EndProject
Project("{FAE04EC0-301F-11D3-BF4B-00C04F79EFBC}") = "Trading.Tests", "tests\Trading.Tests\Trading.Tests.csproj", "{64E91CE0-AD95-4BB5-9DB5-0EBDDD64F368}"
EndProject
Project("{2150E333-8FDC-42A3-9474-1A3956D46DE8}") = "Trading.Messaging", "Trading.Messaging", "{8C01FC0C-0975-3394-FBB3-C30E1B909EDC}"
EndProject
Project("{FAE04EC0-301F-11D3-BF4B-00C04F79EFBC}") = "Trading.Messaging.Contracts", "src\Trading.Messaging\Trading.Messaging.Contracts\Trading.Messaging.Contracts.csproj", "{617BB4BB-AEB3-40E3-B109-1EDD085F02C1}"
EndProject
Project("{FAE04EC0-301F-11D3-BF4B-00C04F79EFBC}") = "Trading.Messaging.Service", "src\Trading.Messaging\Trading.Messaging.Service\Trading.Messaging.Service.csproj", "{70512204-1855-4B2A-88B4-97E8810F8008}"
EndProject
Global
	GlobalSection(SolutionConfigurationPlatforms) = preSolution
		Debug|Any CPU = Debug|Any CPU
		Debug|x64 = Debug|x64
		Debug|x86 = Debug|x86
		Release|Any CPU = Release|Any CPU
		Release|x64 = Release|x64
		Release|x86 = Release|x86
	EndGlobalSection
	GlobalSection(ProjectConfigurationPlatforms) = postSolution
		{D2EC87B3-0126-429B-BF8A-3DC46CAFEB35}.Debug|Any CPU.ActiveCfg = Debug|Any CPU
		{D2EC87B3-0126-429B-BF8A-3DC46CAFEB35}.Debug|Any CPU.Build.0 = Debug|Any CPU
		{D2EC87B3-0126-429B-BF8A-3DC46CAFEB35}.Debug|x64.ActiveCfg = Debug|Any CPU
		{D2EC87B3-0126-429B-BF8A-3DC46CAFEB35}.Debug|x64.Build.0 = Debug|Any CPU
		{D2EC87B3-0126-429B-BF8A-3DC46CAFEB35}.Debug|x86.ActiveCfg = Debug|Any CPU
		{D2EC87B3-0126-429B-BF8A-3DC46CAFEB35}.Debug|x86.Build.0 = Debug|Any CPU
		{D2EC87B3-0126-429B-BF8A-3DC46CAFEB35}.Release|Any CPU.ActiveCfg = Release|Any CPU
		{D2EC87B3-0126-429B-BF8A-3DC46CAFEB35}.Release|Any CPU.Build.0 = Release|Any CPU
		{D2EC87B3-0126-429B-BF8A-3DC46CAFEB35}.Release|x64.ActiveCfg = Release|Any CPU
		{D2EC87B3-0126-429B-BF8A-3DC46CAFEB35}.Release|x64.Build.0 = Release|Any CPU
		{D2EC87B3-0126-429B-BF8A-3DC46CAFEB35}.Release|x86.ActiveCfg = Release|Any CPU
		{D2EC87B3-0126-429B-BF8A-3DC46CAFEB35}.Release|x86.Build.0 = Release|Any CPU
		{5B0AF474-7CCC-4910-9660-D7FCDD5A3E51}.Debug|Any CPU.ActiveCfg = Debug|Any CPU
		{5B0AF474-7CCC-4910-9660-D7FCDD5A3E51}.Debug|Any CPU.Build.0 = Debug|Any CPU
		{5B0AF474-7CCC-4910-9660-D7FCDD5A3E51}.Debug|x64.ActiveCfg = Debug|Any CPU
		{5B0AF474-7CCC-4910-9660-D7FCDD5A3E51}.Debug|x64.Build.0 = Debug|Any CPU
		{5B0AF474-7CCC-4910-9660-D7FCDD5A3E51}.Debug|x86.ActiveCfg = Debug|Any CPU
		{5B0AF474-7CCC-4910-9660-D7FCDD5A3E51}.Debug|x86.Build.0 = Debug|Any CPU
		{5B0AF474-7CCC-4910-9660-D7FCDD5A3E51}.Release|Any CPU.ActiveCfg = Release|Any CPU
		{5B0AF474-7CCC-4910-9660-D7FCDD5A3E51}.Release|Any CPU.Build.0 = Release|Any CPU
		{5B0AF474-7CCC-4910-9660-D7FCDD5A3E51}.Release|x64.ActiveCfg = Release|Any CPU
		{5B0AF474-7CCC-4910-9660-D7FCDD5A3E51}.Release|x64.Build.0 = Release|Any CPU
		{5B0AF474-7CCC-4910-9660-D7FCDD5A3E51}.Release|x86.ActiveCfg = Release|Any CPU
		{5B0AF474-7CCC-4910-9660-D7FCDD5A3E51}.Release|x86.Build.0 = Release|Any CPU
		{24741E80-9F39-4FC8-B8D3-BF024D1C5663}.Debug|Any CPU.ActiveCfg = Debug|Any CPU
		{24741E80-9F39-4FC8-B8D3-BF024D1C5663}.Debug|Any CPU.Build.0 = Debug|Any CPU
		{24741E80-9F39-4FC8-B8D3-BF024D1C5663}.Debug|x64.ActiveCfg = Debug|Any CPU
		{24741E80-9F39-4FC8-B8D3-BF024D1C5663}.Debug|x64.Build.0 = Debug|Any CPU
		{24741E80-9F39-4FC8-B8D3-BF024D1C5663}.Debug|x86.ActiveCfg = Debug|Any CPU
		{24741E80-9F39-4FC8-B8D3-BF024D1C5663}.Debug|x86.Build.0 = Debug|Any CPU
		{24741E80-9F39-4FC8-B8D3-BF024D1C5663}.Release|Any CPU.ActiveCfg = Release|Any CPU
		{24741E80-9F39-4FC8-B8D3-BF024D1C5663}.Release|Any CPU.Build.0 = Release|Any CPU
		{24741E80-9F39-4FC8-B8D3-BF024D1C5663}.Release|x64.ActiveCfg = Release|Any CPU
		{24741E80-9F39-4FC8-B8D3-BF024D1C5663}.Release|x64.Build.0 = Release|Any CPU
		{24741E80-9F39-4FC8-B8D3-BF024D1C5663}.Release|x86.ActiveCfg = Release|Any CPU
		{24741E80-9F39-4FC8-B8D3-BF024D1C5663}.Release|x86.Build.0 = Release|Any CPU
		{4A3F8B88-2F4D-45EB-BF96-1A5C81AAB4D6}.Debug|Any CPU.ActiveCfg = Debug|Any CPU
		{4A3F8B88-2F4D-45EB-BF96-1A5C81AAB4D6}.Debug|Any CPU.Build.0 = Debug|Any CPU
		{4A3F8B88-2F4D-45EB-BF96-1A5C81AAB4D6}.Debug|x64.ActiveCfg = Debug|Any CPU
		{4A3F8B88-2F4D-45EB-BF96-1A5C81AAB4D6}.Debug|x64.Build.0 = Debug|Any CPU
		{4A3F8B88-2F4D-45EB-BF96-1A5C81AAB4D6}.Debug|x86.ActiveCfg = Debug|Any CPU
		{4A3F8B88-2F4D-45EB-BF96-1A5C81AAB4D6}.Debug|x86.Build.0 = Debug|Any CPU
		{4A3F8B88-2F4D-45EB-BF96-1A5C81AAB4D6}.Release|Any CPU.ActiveCfg = Release|Any CPU
		{4A3F8B88-2F4D-45EB-BF96-1A5C81AAB4D6}.Release|Any CPU.Build.0 = Release|Any CPU
		{4A3F8B88-2F4D-45EB-BF96-1A5C81AAB4D6}.Release|x64.ActiveCfg = Release|Any CPU
		{4A3F8B88-2F4D-45EB-BF96-1A5C81AAB4D6}.Release|x64.Build.0 = Release|Any CPU
		{4A3F8B88-2F4D-45EB-BF96-1A5C81AAB4D6}.Release|x86.ActiveCfg = Release|Any CPU
		{4A3F8B88-2F4D-45EB-BF96-1A5C81AAB4D6}.Release|x86.Build.0 = Release|Any CPU
		{62CF5C83-C212-4D3E-B8F1-531A92C68BEB}.Debug|Any CPU.ActiveCfg = Debug|Any CPU
		{62CF5C83-C212-4D3E-B8F1-531A92C68BEB}.Debug|Any CPU.Build.0 = Debug|Any CPU
		{62CF5C83-C212-4D3E-B8F1-531A92C68BEB}.Debug|x64.ActiveCfg = Debug|Any CPU
		{62CF5C83-C212-4D3E-B8F1-531A92C68BEB}.Debug|x64.Build.0 = Debug|Any CPU
		{62CF5C83-C212-4D3E-B8F1-531A92C68BEB}.Debug|x86.ActiveCfg = Debug|Any CPU
		{62CF5C83-C212-4D3E-B8F1-531A92C68BEB}.Debug|x86.Build.0 = Debug|Any CPU
		{62CF5C83-C212-4D3E-B8F1-531A92C68BEB}.Release|Any CPU.ActiveCfg = Release|Any CPU
		{62CF5C83-C212-4D3E-B8F1-531A92C68BEB}.Release|Any CPU.Build.0 = Release|Any CPU
		{62CF5C83-C212-4D3E-B8F1-531A92C68BEB}.Release|x64.ActiveCfg = Release|Any CPU
		{62CF5C83-C212-4D3E-B8F1-531A92C68BEB}.Release|x64.Build.0 = Release|Any CPU
		{62CF5C83-C212-4D3E-B8F1-531A92C68BEB}.Release|x86.ActiveCfg = Release|Any CPU
		{62CF5C83-C212-4D3E-B8F1-531A92C68BEB}.Release|x86.Build.0 = Release|Any CPU
		{64E91CE0-AD95-4BB5-9DB5-0EBDDD64F368}.Debug|Any CPU.ActiveCfg = Debug|Any CPU
		{64E91CE0-AD95-4BB5-9DB5-0EBDDD64F368}.Debug|Any CPU.Build.0 = Debug|Any CPU
		{64E91CE0-AD95-4BB5-9DB5-0EBDDD64F368}.Debug|x64.ActiveCfg = Debug|Any CPU
		{64E91CE0-AD95-4BB5-9DB5-0EBDDD64F368}.Debug|x64.Build.0 = Debug|Any CPU
		{64E91CE0-AD95-4BB5-9DB5-0EBDDD64F368}.Debug|x86.ActiveCfg = Debug|Any CPU
		{64E91CE0-AD95-4BB5-9DB5-0EBDDD64F368}.Debug|x86.Build.0 = Debug|Any CPU
		{64E91CE0-AD95-4BB5-9DB5-0EBDDD64F368}.Release|Any CPU.ActiveCfg = Release|Any CPU
		{64E91CE0-AD95-4BB5-9DB5-0EBDDD64F368}.Release|Any CPU.Build.0 = Release|Any CPU
		{64E91CE0-AD95-4BB5-9DB5-0EBDDD64F368}.Release|x64.ActiveCfg = Release|Any CPU
		{64E91CE0-AD95-4BB5-9DB5-0EBDDD64F368}.Release|x64.Build.0 = Release|Any CPU
		{64E91CE0-AD95-4BB5-9DB5-0EBDDD64F368}.Release|x86.ActiveCfg = Release|Any CPU
		{64E91CE0-AD95-4BB5-9DB5-0EBDDD64F368}.Release|x86.Build.0 = Release|Any CPU
		{617BB4BB-AEB3-40E3-B109-1EDD085F02C1}.Debug|Any CPU.ActiveCfg = Debug|Any CPU
		{617BB4BB-AEB3-40E3-B109-1EDD085F02C1}.Debug|Any CPU.Build.0 = Debug|Any CPU
		{617BB4BB-AEB3-40E3-B109-1EDD085F02C1}.Debug|x64.ActiveCfg = Debug|Any CPU
		{617BB4BB-AEB3-40E3-B109-1EDD085F02C1}.Debug|x64.Build.0 = Debug|Any CPU
		{617BB4BB-AEB3-40E3-B109-1EDD085F02C1}.Debug|x86.ActiveCfg = Debug|Any CPU
		{617BB4BB-AEB3-40E3-B109-1EDD085F02C1}.Debug|x86.Build.0 = Debug|Any CPU
		{617BB4BB-AEB3-40E3-B109-1EDD085F02C1}.Release|Any CPU.ActiveCfg = Release|Any CPU
		{617BB4BB-AEB3-40E3-B109-1EDD085F02C1}.Release|Any CPU.Build.0 = Release|Any CPU
		{617BB4BB-AEB3-40E3-B109-1EDD085F02C1}.Release|x64.ActiveCfg = Release|Any CPU
		{617BB4BB-AEB3-40E3-B109-1EDD085F02C1}.Release|x64.Build.0 = Release|Any CPU
		{617BB4BB-AEB3-40E3-B109-1EDD085F02C1}.Release|x86.ActiveCfg = Release|Any CPU
		{617BB4BB-AEB3-40E3-B109-1EDD085F02C1}.Release|x86.Build.0 = Release|Any CPU
		{70512204-1855-4B2A-88B4-97E8810F8008}.Debug|Any CPU.ActiveCfg = Debug|Any CPU
		{70512204-1855-4B2A-88B4-97E8810F8008}.Debug|Any CPU.Build.0 = Debug|Any CPU
		{70512204-1855-4B2A-88B4-97E8810F8008}.Debug|x64.ActiveCfg = Debug|Any CPU
		{70512204-1855-4B2A-88B4-97E8810F8008}.Debug|x64.Build.0 = Debug|Any CPU
		{70512204-1855-4B2A-88B4-97E8810F8008}.Debug|x86.ActiveCfg = Debug|Any CPU
		{70512204-1855-4B2A-88B4-97E8810F8008}.Debug|x86.Build.0 = Debug|Any CPU
		{70512204-1855-4B2A-88B4-97E8810F8008}.Release|Any CPU.ActiveCfg = Release|Any CPU
		{70512204-1855-4B2A-88B4-97E8810F8008}.Release|Any CPU.Build.0 = Release|Any CPU
		{70512204-1855-4B2A-88B4-97E8810F8008}.Release|x64.ActiveCfg = Release|Any CPU
		{70512204-1855-4B2A-88B4-97E8810F8008}.Release|x64.Build.0 = Release|Any CPU
		{70512204-1855-4B2A-88B4-97E8810F8008}.Release|x86.ActiveCfg = Release|Any CPU
		{70512204-1855-4B2A-88B4-97E8810F8008}.Release|x86.Build.0 = Release|Any CPU
	EndGlobalSection
	GlobalSection(SolutionProperties) = preSolution
		HideSolutionNode = FALSE
	EndGlobalSection
	GlobalSection(NestedProjects) = preSolution
		{D2EC87B3-0126-429B-BF8A-3DC46CAFEB35} = {827E0CD3-B72D-47B6-A68D-7590B98EB39B}
		{5B0AF474-7CCC-4910-9660-D7FCDD5A3E51} = {827E0CD3-B72D-47B6-A68D-7590B98EB39B}
		{24741E80-9F39-4FC8-B8D3-BF024D1C5663} = {827E0CD3-B72D-47B6-A68D-7590B98EB39B}
		{4A3F8B88-2F4D-45EB-BF96-1A5C81AAB4D6} = {827E0CD3-B72D-47B6-A68D-7590B98EB39B}
		{62CF5C83-C212-4D3E-B8F1-531A92C68BEB} = {827E0CD3-B72D-47B6-A68D-7590B98EB39B}
		{64E91CE0-AD95-4BB5-9DB5-0EBDDD64F368} = {827E0CD3-B72D-47B6-A68D-7590B98EB39B}
		{8C01FC0C-0975-3394-FBB3-C30E1B909EDC} = {827E0CD3-B72D-47B6-A68D-7590B98EB39B}
		{617BB4BB-AEB3-40E3-B109-1EDD085F02C1} = {8C01FC0C-0975-3394-FBB3-C30E1B909EDC}
		{70512204-1855-4B2A-88B4-97E8810F8008} = {8C01FC0C-0975-3394-FBB3-C30E1B909EDC}
	EndGlobalSection
EndGlobal
